
Microsoft Visual Studio Solution File, Format Version 12.00
# Visual Studio Version 16
VisualStudioVersion = 16.0.29324.140
MinimumVisualStudioVersion = 10.0.40219.1
Project("{FAE04EC0-301F-11D3-BF4B-00C04F79EFBC}") = "BookShop", "BookShop\BookShop.csproj", "{3F6AFCEA-58DC-4659-80AB-7449CDBEDCD6}"
EndProject
Project("{9A19103F-16F7-4668-BE54-9A1E7A4F7556}") = "BookShop.BLL", "BookShop.BLL\BookShop.BLL.csproj", "{0E26ED61-D808-48A2-BCFC-4F426CE799CC}"
EndProject
Project("{9A19103F-16F7-4668-BE54-9A1E7A4F7556}") = "BookShop.DAL", "BookShop.DAL\BookShop.DAL.csproj", "{CF641A26-A4B5-4F42-8C7B-B60FD1F224CA}"
EndProject
Global
	GlobalSection(SolutionConfigurationPlatforms) = preSolution
		Debug|Any CPU = Debug|Any CPU
		Release|Any CPU = Release|Any CPU
	EndGlobalSection
	GlobalSection(ProjectConfigurationPlatforms) = postSolution
		{3F6AFCEA-58DC-4659-80AB-7449CDBEDCD6}.Debug|Any CPU.ActiveCfg = Debug|Any CPU
		{3F6AFCEA-58DC-4659-80AB-7449CDBEDCD6}.Debug|Any CPU.Build.0 = Debug|Any CPU
		{3F6AFCEA-58DC-4659-80AB-7449CDBEDCD6}.Release|Any CPU.ActiveCfg = Release|Any CPU
		{3F6AFCEA-58DC-4659-80AB-7449CDBEDCD6}.Release|Any CPU.Build.0 = Release|Any CPU
		{0E26ED61-D808-48A2-BCFC-4F426CE799CC}.Debug|Any CPU.ActiveCfg = Debug|Any CPU
		{0E26ED61-D808-48A2-BCFC-4F426CE799CC}.Debug|Any CPU.Build.0 = Debug|Any CPU
		{0E26ED61-D808-48A2-BCFC-4F426CE799CC}.Release|Any CPU.ActiveCfg = Release|Any CPU
		{0E26ED61-D808-48A2-BCFC-4F426CE799CC}.Release|Any CPU.Build.0 = Release|Any CPU
		{CF641A26-A4B5-4F42-8C7B-B60FD1F224CA}.Debug|Any CPU.ActiveCfg = Debug|Any CPU
		{CF641A26-A4B5-4F42-8C7B-B60FD1F224CA}.Debug|Any CPU.Build.0 = Debug|Any CPU
		{CF641A26-A4B5-4F42-8C7B-B60FD1F224CA}.Release|Any CPU.ActiveCfg = Release|Any CPU
		{CF641A26-A4B5-4F42-8C7B-B60FD1F224CA}.Release|Any CPU.Build.0 = Release|Any CPU
	EndGlobalSection
	GlobalSection(SolutionProperties) = preSolution
		HideSolutionNode = FALSE
	EndGlobalSection
	GlobalSection(ExtensibilityGlobals) = postSolution
		SolutionGuid = {3A323E18-57F4-492E-A78B-316EF396613B}
	EndGlobalSection
EndGlobal
